// !$*UTF8*$!
{
	archiveVersion = 1;
	classes = {
	};
	objectVersion = 46;
	objects = {

/* Begin PBXBuildFile section */
		3DB42BD51DCB059B005D7723 /* AppDelegate.swift in Sources */ = {isa = PBXBuildFile; fileRef = 3DB42BD41DCB059B005D7723 /* AppDelegate.swift */; };
		3DB42BD71DCB059B005D7723 /* ViewController.swift in Sources */ = {isa = PBXBuildFile; fileRef = 3DB42BD61DCB059B005D7723 /* ViewController.swift */; };
		3DB42BDA1DCB059B005D7723 /* Main.storyboard in Resources */ = {isa = PBXBuildFile; fileRef = 3DB42BD81DCB059B005D7723 /* Main.storyboard */; };
		3DB42BDC1DCB059B005D7723 /* Assets.xcassets in Resources */ = {isa = PBXBuildFile; fileRef = 3DB42BDB1DCB059B005D7723 /* Assets.xcassets */; };
		3DB42BDF1DCB059B005D7723 /* LaunchScreen.storyboard in Resources */ = {isa = PBXBuildFile; fileRef = 3DB42BDD1DCB059B005D7723 /* LaunchScreen.storyboard */; };
		56B8A87D97DF49E555A5F301 /* Pods_swift_networking_alamofire_test.framework in Frameworks */ = {isa = PBXBuildFile; fileRef = B4F035BD4DD9E43F5EE2E7D4 /* Pods_swift_networking_alamofire_test.framework */; };
/* End PBXBuildFile section */

/* Begin PBXFileReference section */
		3DB42BD11DCB059B005D7723 /* swift-networking-alamofire-test.app */ = {isa = PBXFileReference; explicitFileType = wrapper.application; includeInIndex = 0; path = "swift-networking-alamofire-test.app"; sourceTree = BUILT_PRODUCTS_DIR; };
		3DB42BD41DCB059B005D7723 /* AppDelegate.swift */ = {isa = PBXFileReference; lastKnownFileType = sourcecode.swift; path = AppDelegate.swift; sourceTree = "<group>"; };
		3DB42BD61DCB059B005D7723 /* ViewController.swift */ = {isa = PBXFileReference; lastKnownFileType = sourcecode.swift; path = ViewController.swift; sourceTree = "<group>"; };
		3DB42BD91DCB059B005D7723 /* Base */ = {isa = PBXFileReference; lastKnownFileType = file.storyboard; name = Base; path = Base.lproj/Main.storyboard; sourceTree = "<group>"; };
		3DB42BDB1DCB059B005D7723 /* Assets.xcassets */ = {isa = PBXFileReference; lastKnownFileType = folder.assetcatalog; path = Assets.xcassets; sourceTree = "<group>"; };
		3DB42BDE1DCB059B005D7723 /* Base */ = {isa = PBXFileReference; lastKnownFileType = file.storyboard; name = Base; path = Base.lproj/LaunchScreen.storyboard; sourceTree = "<group>"; };
		3DB42BE01DCB059B005D7723 /* Info.plist */ = {isa = PBXFileReference; lastKnownFileType = text.plist.xml; path = Info.plist; sourceTree = "<group>"; };
		691895F163D36E39A945BC85 /* Pods-swift-networking-alamofire-test.release.xcconfig */ = {isa = PBXFileReference; includeInIndex = 1; lastKnownFileType = text.xcconfig; name = "Pods-swift-networking-alamofire-test.release.xcconfig"; path = "Pods/Target Support Files/Pods-swift-networking-alamofire-test/Pods-swift-networking-alamofire-test.release.xcconfig"; sourceTree = "<group>"; };
		7DD11ABFD3E9D210C7B7F9F0 /* Pods-swift-networking-alamofire-test.debug.xcconfig */ = {isa = PBXFileReference; includeInIndex = 1; lastKnownFileType = text.xcconfig; name = "Pods-swift-networking-alamofire-test.debug.xcconfig"; path = "Pods/Target Support Files/Pods-swift-networking-alamofire-test/Pods-swift-networking-alamofire-test.debug.xcconfig"; sourceTree = "<group>"; };
		B4F035BD4DD9E43F5EE2E7D4 /* Pods_swift_networking_alamofire_test.framework */ = {isa = PBXFileReference; explicitFileType = wrapper.framework; includeInIndex = 0; path = Pods_swift_networking_alamofire_test.framework; sourceTree = BUILT_PRODUCTS_DIR; };
/* End PBXFileReference section */

/* Begin PBXFrameworksBuildPhase section */
		3DB42BCE1DCB059B005D7723 /* Frameworks */ = {
			isa = PBXFrameworksBuildPhase;
			buildActionMask = 2147483647;
			files = (
				56B8A87D97DF49E555A5F301 /* Pods_swift_networking_alamofire_test.framework in Frameworks */,
			);
			runOnlyForDeploymentPostprocessing = 0;
		};
/* End PBXFrameworksBuildPhase section */

/* Begin PBXGroup section */
		0BF3AF2F76A980DA23DCF0D6 /* Frameworks */ = {
			isa = PBXGroup;
			children = (
				B4F035BD4DD9E43F5EE2E7D4 /* Pods_swift_networking_alamofire_test.framework */,
			);
			name = Frameworks;
			sourceTree = "<group>";
		};
		3DB42BC81DCB059B005D7723 = {
			isa = PBXGroup;
			children = (
				3DB42BD31DCB059B005D7723 /* swift-networking-alamofire-test */,
				3DB42BD21DCB059B005D7723 /* Products */,
				8022EACA63A601BBCECED31F /* Pods */,
				0BF3AF2F76A980DA23DCF0D6 /* Frameworks */,
			);
			sourceTree = "<group>";
		};
		3DB42BD21DCB059B005D7723 /* Products */ = {
			isa = PBXGroup;
			children = (
				3DB42BD11DCB059B005D7723 /* swift-networking-alamofire-test.app */,
			);
			name = Products;
			sourceTree = "<group>";
		};
		3DB42BD31DCB059B005D7723 /* swift-networking-alamofire-test */ = {
			isa = PBXGroup;
			children = (
				3DB42BD41DCB059B005D7723 /* AppDelegate.swift */,
				3DB42BD61DCB059B005D7723 /* ViewController.swift */,
				3DB42BD81DCB059B005D7723 /* Main.storyboard */,
				3DB42BDB1DCB059B005D7723 /* Assets.xcassets */,
				3DB42BDD1DCB059B005D7723 /* LaunchScreen.storyboard */,
				3DB42BE01DCB059B005D7723 /* Info.plist */,
			);
			path = "swift-networking-alamofire-test";
			sourceTree = "<group>";
		};
		8022EACA63A601BBCECED31F /* Pods */ = {
			isa = PBXGroup;
			children = (
				7DD11ABFD3E9D210C7B7F9F0 /* Pods-swift-networking-alamofire-test.debug.xcconfig */,
				691895F163D36E39A945BC85 /* Pods-swift-networking-alamofire-test.release.xcconfig */,
			);
			name = Pods;
			sourceTree = "<group>";
		};
/* End PBXGroup section */

/* Begin PBXNativeTarget section */
		3DB42BD01DCB059B005D7723 /* swift-networking-alamofire-test */ = {
			isa = PBXNativeTarget;
			buildConfigurationList = 3DB42BE31DCB059B005D7723 /* Build configuration list for PBXNativeTarget "swift-networking-alamofire-test" */;
			buildPhases = (
				8FE462D838EC37816791276B /* [CP] Check Pods Manifest.lock */,
				3DB42BCD1DCB059B005D7723 /* Sources */,
				3DB42BCE1DCB059B005D7723 /* Frameworks */,
				3DB42BCF1DCB059B005D7723 /* Resources */,
				584B5CB9847982CEB69901DD /* [CP] Embed Pods Frameworks */,
				0247939A677875AAB2107119 /* [CP] Copy Pods Resources */,
			);
			buildRules = (
			);
			dependencies = (
			);
			name = "swift-networking-alamofire-test";
			productName = "swift-networking-alamofire-test";
			productReference = 3DB42BD11DCB059B005D7723 /* swift-networking-alamofire-test.app */;
			productType = "com.apple.product-type.application";
		};
/* End PBXNativeTarget section */

/* Begin PBXProject section */
		3DB42BC91DCB059B005D7723 /* Project object */ = {
			isa = PBXProject;
			attributes = {
				LastSwiftUpdateCheck = 0810;
				LastUpgradeCheck = 0810;
				ORGANIZATIONNAME = "Zhaonan Li";
				TargetAttributes = {
					3DB42BD01DCB059B005D7723 = {
						CreatedOnToolsVersion = 8.1;
						DevelopmentTeam = 264LZRDAMP;
						ProvisioningStyle = Automatic;
					};
				};
			};
			buildConfigurationList = 3DB42BCC1DCB059B005D7723 /* Build configuration list for PBXProject "swift-networking-alamofire-test" */;
			compatibilityVersion = "Xcode 3.2";
			developmentRegion = English;
			hasScannedForEncodings = 0;
			knownRegions = (
				en,
				Base,
			);
			mainGroup = 3DB42BC81DCB059B005D7723;
			productRefGroup = 3DB42BD21DCB059B005D7723 /* Products */;
			projectDirPath = "";
			projectRoot = "";
			targets = (
				3DB42BD01DCB059B005D7723 /* swift-networking-alamofire-test */,
			);
		};
/* End PBXProject section */

/* Begin PBXResourcesBuildPhase section */
		3DB42BCF1DCB059B005D7723 /* Resources */ = {
			isa = PBXResourcesBuildPhase;
			buildActionMask = 2147483647;
			files = (
				3DB42BDF1DCB059B005D7723 /* LaunchScreen.storyboard in Resources */,
				3DB42BDC1DCB059B005D7723 /* Assets.xcassets in Resources */,
				3DB42BDA1DCB059B005D7723 /* Main.storyboard in Resources */,
			);
			runOnlyForDeploymentPostprocessing = 0;
		};
/* End PBXResourcesBuildPhase section */

/* Begin PBXShellScriptBuildPhase section */
		0247939A677875AAB2107119 /* [CP] Copy Pods Resources */ = {
			isa = PBXShellScriptBuildPhase;
			buildActionMask = 2147483647;
			files = (
			);
			inputPaths = (
			);
			name = "[CP] Copy Pods Resources";
			outputPaths = (
			);
			runOnlyForDeploymentPostprocessing = 0;
			shellPath = /bin/sh;
			shellScript = "\"${SRCROOT}/Pods/Target Support Files/Pods-swift-networking-alamofire-test/Pods-swift-networking-alamofire-test-resources.sh\"\n";
			showEnvVarsInLog = 0;
		};
		584B5CB9847982CEB69901DD /* [CP] Embed Pods Frameworks */ = {
			isa = PBXShellScriptBuildPhase;
			buildActionMask = 2147483647;
			files = (
			);
			inputPaths = (
			);
			name = "[CP] Embed Pods Frameworks";
			outputPaths = (
			);
			runOnlyForDeploymentPostprocessing = 0;
			shellPath = /bin/sh;
			shellScript = "\"${SRCROOT}/Pods/Target Support Files/Pods-swift-networking-alamofire-test/Pods-swift-networking-alamofire-test-frameworks.sh\"\n";
			showEnvVarsInLog = 0;
		};
		8FE462D838EC37816791276B /* [CP] Check Pods Manifest.lock */ = {
			isa = PBXShellScriptBuildPhase;
			buildActionMask = 2147483647;
			files = (
			);
			inputPaths = (
			);
			name = "[CP] Check Pods Manifest.lock";
			outputPaths = (
			);
			runOnlyForDeploymentPostprocessing = 0;
			shellPath = /bin/sh;
			shellScript = "diff \"${PODS_ROOT}/../Podfile.lock\" \"${PODS_ROOT}/Manifest.lock\" > /dev/null\nif [ $? != 0 ] ; then\n    # print error to STDERR\n    echo \"error: The sandbox is not in sync with the Podfile.lock. Run 'pod install' or update your CocoaPods installation.\" >&2\n    exit 1\nfi\n";
			showEnvVarsInLog = 0;
		};
/* End PBXShellScriptBuildPhase section */

/* Begin PBXSourcesBuildPhase section */
		3DB42BCD1DCB059B005D7723 /* Sources */ = {
			isa = PBXSourcesBuildPhase;
			buildActionMask = 2147483647;
			files = (
				3DB42BD71DCB059B005D7723 /* ViewController.swift in Sources */,
				3DB42BD51DCB059B005D7723 /* AppDelegate.swift in Sources */,
			);
			runOnlyForDeploymentPostprocessing = 0;
		};
/* End PBXSourcesBuildPhase section */

/* Begin PBXVariantGroup section */
		3DB42BD81DCB059B005D7723 /* Main.storyboard */ = {
			isa = PBXVariantGroup;
			children = (
				3DB42BD91DCB059B005D7723 /* Base */,
			);
			name = Main.storyboard;
			sourceTree = "<group>";
		};
		3DB42BDD1DCB059B005D7723 /* LaunchScreen.storyboard */ = {
			isa = PBXVariantGroup;
			children = (
				3DB42BDE1DCB059B005D7723 /* Base */,
			);
			name = LaunchScreen.storyboard;
			sourceTree = "<group>";
		};
/* End PBXVariantGroup section */

/* Begin XCBuildConfiguration section */
		3DB42BE11DCB059B005D7723 /* Debug */ = {
			isa = XCBuildConfiguration;
			buildSettings = {
				ALWAYS_SEARCH_USER_PATHS = NO;
				CLANG_ANALYZER_NONNULL = YES;
				CLANG_CXX_LANGUAGE_STANDARD = "gnu++0x";
				CLANG_CXX_LIBRARY = "libc++";
				CLANG_ENABLE_MODULES = YES;
				CLANG_ENABLE_OBJC_ARC = YES;
				CLANG_WARN_BOOL_CONVERSION = YES;
				CLANG_WARN_CONSTANT_CONVERSION = YES;
				CLANG_WARN_DIRECT_OBJC_ISA_USAGE = YES_ERROR;
				CLANG_WARN_DOCUMENTATION_COMMENTS = YES;
				CLANG_WARN_EMPTY_BODY = YES;
				CLANG_WARN_ENUM_CONVERSION = YES;
				CLANG_WARN_INFINITE_RECURSION = YES;
				CLANG_WARN_INT_CONVERSION = YES;
				CLANG_WARN_OBJC_ROOT_CLASS = YES_ERROR;
				CLANG_WARN_SUSPICIOUS_MOVES = YES;
				CLANG_WARN_UNREACHABLE_CODE = YES;
				CLANG_WARN__DUPLICATE_METHOD_MATCH = YES;
				"CODE_SIGN_IDENTITY[sdk=iphoneos*]" = "iPhone Developer";
				COPY_PHASE_STRIP = NO;
				DEBUG_INFORMATION_FORMAT = dwarf;
				ENABLE_STRICT_OBJC_MSGSEND = YES;
				ENABLE_TESTABILITY = YES;
				GCC_C_LANGUAGE_STANDARD = gnu99;
				GCC_DYNAMIC_NO_PIC = NO;
				GCC_NO_COMMON_BLOCKS = YES;
				GCC_OPTIMIZATION_LEVEL = 0;
				GCC_PREPROCESSOR_DEFINITIONS = (
					"DEBUG=1",
					"$(inherited)",
				);
				GCC_WARN_64_TO_32_BIT_CONVERSION = YES;
				GCC_WARN_ABOUT_RETURN_TYPE = YES_ERROR;
				GCC_WARN_UNDECLARED_SELECTOR = YES;
				GCC_WARN_UNINITIALIZED_AUTOS = YES_AGGRESSIVE;
				GCC_WARN_UNUSED_FUNCTION = YES;
				GCC_WARN_UNUSED_VARIABLE = YES;
				IPHONEOS_DEPLOYMENT_TARGET = 10.1;
				MTL_ENABLE_DEBUG_INFO = YES;
				ONLY_ACTIVE_ARCH = YES;
				SDKROOT = iphoneos;
				SWIFT_ACTIVE_COMPILATION_CONDITIONS = DEBUG;
				SWIFT_OPTIMIZATION_LEVEL = "-Onone";
			};
			name = Debug;
		};
		3DB42BE21DCB059B005D7723 /* Release */ = {
			isa = XCBuildConfiguration;
			buildSettings = {
				ALWAYS_SEARCH_USER_PATHS = NO;
				CLANG_ANALYZER_NONNULL = YES;
				CLANG_CXX_LANGUAGE_STANDARD = "gnu++0x";
				CLANG_CXX_LIBRARY = "libc++";
				CLANG_ENABLE_MODULES = YES;
				CLANG_ENABLE_OBJC_ARC = YES;
				CLANG_WARN_BOOL_CONVERSION = YES;
				CLANG_WARN_CONSTANT_CONVERSION = YES;
				CLANG_WARN_DIRECT_OBJC_ISA_USAGE = YES_ERROR;
				CLANG_WARN_DOCUMENTATION_COMMENTS = YES;
				CLANG_WARN_EMPTY_BODY = YES;
				CLANG_WARN_ENUM_CONVERSION = YES;
				CLANG_WARN_INFINITE_RECURSION = YES;
				CLANG_WARN_INT_CONVERSION = YES;
				CLANG_WARN_OBJC_ROOT_CLASS = YES_ERROR;
				CLANG_WARN_SUSPICIOUS_MOVES = YES;
				CLANG_WARN_UNREACHABLE_CODE = YES;
				CLANG_WARN__DUPLICATE_METHOD_MATCH = YES;
				"CODE_SIGN_IDENTITY[sdk=iphoneos*]" = "iPhone Developer";
				COPY_PHASE_STRIP = NO;
				DEBUG_INFORMATION_FORMAT = "dwarf-with-dsym";
				ENABLE_NS_ASSERTIONS = NO;
				ENABLE_STRICT_OBJC_MSGSEND = YES;
				GCC_C_LANGUAGE_STANDARD = gnu99;
				GCC_NO_COMMON_BLOCKS = YES;
				GCC_WARN_64_TO_32_BIT_CONVERSION = YES;
				GCC_WARN_ABOUT_RETURN_TYPE = YES_ERROR;
				GCC_WARN_UNDECLARED_SELECTOR = YES;
				GCC_WARN_UNINITIALIZED_AUTOS = YES_AGGRESSIVE;
				GCC_WARN_UNUSED_FUNCTION = YES;
				GCC_WARN_UNUSED_VARIABLE = YES;
				IPHONEOS_DEPLOYMENT_TARGET = 10.1;
				MTL_ENABLE_DEBUG_INFO = NO;
				SDKROOT = iphoneos;
				SWIFT_OPTIMIZATION_LEVEL = "-Owholemodule";
				VALIDATE_PRODUCT = YES;
			};
			name = Release;
		};
		3DB42BE41DCB059B005D7723 /* Debug */ = {
			isa = XCBuildConfiguration;
			baseConfigurationReference = 7DD11ABFD3E9D210C7B7F9F0 /* Pods-swift-networking-alamofire-test.debug.xcconfig */;
			buildSettings = {
				ASSETCATALOG_COMPILER_APPICON_NAME = AppIcon;
				DEVELOPMENT_TEAM = 264LZRDAMP;
				INFOPLIST_FILE = "swift-networking-alamofire-test/Info.plist";
				IPHONEOS_DEPLOYMENT_TARGET = 9.0;
				LD_RUNPATH_SEARCH_PATHS = "$(inherited) @executable_path/Frameworks";
				PRODUCT_BUNDLE_IDENTIFIER = "com.project.ios.swift-networking-alamofire-test";
				PRODUCT_NAME = "$(TARGET_NAME)";
				SWIFT_VERSION = 3.0;
			};
			name = Debug;
		};
		3DB42BE51DCB059B005D7723 /* Release */ = {
			isa = XCBuildConfiguration;
			baseConfigurationReference = 691895F163D36E39A945BC85 /* Pods-swift-networking-alamofire-test.release.xcconfig */;
			buildSettings = {
				ASSETCATALOG_COMPILER_APPICON_NAME = AppIcon;
				DEVELOPMENT_TEAM = 264LZRDAMP;
				INFOPLIST_FILE = "swift-networking-alamofire-test/Info.plist";
				IPHONEOS_DEPLOYMENT_TARGET = 9.0;
				LD_RUNPATH_SEARCH_PATHS = "$(inherited) @executable_path/Frameworks";
				PRODUCT_BUNDLE_IDENTIFIER = "com.project.ios.swift-networking-alamofire-test";
				PRODUCT_NAME = "$(TARGET_NAME)";
				SWIFT_VERSION = 3.0;
			};
			name = Release;
		};
/* End XCBuildConfiguration section */

/* Begin XCConfigurationList section */
		3DB42BCC1DCB059B005D7723 /* Build configuration list for PBXProject "swift-networking-alamofire-test" */ = {
			isa = XCConfigurationList;
			buildConfigurations = (
				3DB42BE11DCB059B005D7723 /* Debug */,
				3DB42BE21DCB059B005D7723 /* Release */,
			);
			defaultConfigurationIsVisible = 0;
			defaultConfigurationName = Release;
		};
		3DB42BE31DCB059B005D7723 /* Build configuration list for PBXNativeTarget "swift-networking-alamofire-test" */ = {
			isa = XCConfigurationList;
			buildConfigurations = (
				3DB42BE41DCB059B005D7723 /* Debug */,
				3DB42BE51DCB059B005D7723 /* Release */,
			);
			defaultConfigurationIsVisible = 0;
			defaultConfigurationName = Release;
		};
/* End XCConfigurationList section */
	};
	rootObject = 3DB42BC91DCB059B005D7723 /* Project object */;
}
